// !$*UTF8*$!
{
	archiveVersion = 1;
	classes = {
	};
	objectVersion = 46;
	objects = {

/* Begin PBXBuildFile section */
		2601AD4D1BD4B195004F6394 /* AppDelegate.swift in Sources */ = {isa = PBXBuildFile; fileRef = 2601AD4C1BD4B195004F6394 /* AppDelegate.swift */; };
		2601AD521BD4B195004F6394 /* Main.storyboard in Resources */ = {isa = PBXBuildFile; fileRef = 2601AD501BD4B195004F6394 /* Main.storyboard */; };
		2601AD541BD4B195004F6394 /* Assets.xcassets in Resources */ = {isa = PBXBuildFile; fileRef = 2601AD531BD4B195004F6394 /* Assets.xcassets */; };
		2601AD571BD4B195004F6394 /* LaunchScreen.storyboard in Resources */ = {isa = PBXBuildFile; fileRef = 2601AD551BD4B195004F6394 /* LaunchScreen.storyboard */; };
		26BA99311BF94E9100EC4F91 /* UserInfoViewController.swift in Sources */ = {isa = PBXBuildFile; fileRef = 26BA99301BF94E9100EC4F91 /* UserInfoViewController.swift */; };
		26C429DB1BE3F215001C56DA /* ScrollViewController.swift in Sources */ = {isa = PBXBuildFile; fileRef = 26C429DA1BE3F215001C56DA /* ScrollViewController.swift */; };
		26C429E41BE3F2CE001C56DA /* SearchViewController.swift in Sources */ = {isa = PBXBuildFile; fileRef = 26C429E21BE3F2CE001C56DA /* SearchViewController.swift */; };
		26C429E51BE3F2CE001C56DA /* SearchViewController.xib in Resources */ = {isa = PBXBuildFile; fileRef = 26C429E31BE3F2CE001C56DA /* SearchViewController.xib */; };
		26C429E81BE3F2E3001C56DA /* CategoriesViewController.swift in Sources */ = {isa = PBXBuildFile; fileRef = 26C429E61BE3F2E3001C56DA /* CategoriesViewController.swift */; };
		26C429E91BE3F2E3001C56DA /* CategoriesViewController.xib in Resources */ = {isa = PBXBuildFile; fileRef = 26C429E71BE3F2E3001C56DA /* CategoriesViewController.xib */; };
		26C429EC1BE3F2F1001C56DA /* DiscoverViewController.swift in Sources */ = {isa = PBXBuildFile; fileRef = 26C429EA1BE3F2F1001C56DA /* DiscoverViewController.swift */; };
		26C429ED1BE3F2F1001C56DA /* DiscoverViewController.xib in Resources */ = {isa = PBXBuildFile; fileRef = 26C429EB1BE3F2F1001C56DA /* DiscoverViewController.xib */; };
		26C429EF1BE3FA2F001C56DA /* NewEventViewController.swift in Sources */ = {isa = PBXBuildFile; fileRef = 26C429EE1BE3FA2F001C56DA /* NewEventViewController.swift */; };
		26E368541BE8379A00CDBAE5 /* Tour.swift in Sources */ = {isa = PBXBuildFile; fileRef = 26E368531BE8379A00CDBAE5 /* Tour.swift */; };
		26E368561BE8380600CDBAE5 /* Location.swift in Sources */ = {isa = PBXBuildFile; fileRef = 26E368551BE8380600CDBAE5 /* Location.swift */; };
		26E3685A1BE8387800CDBAE5 /* Category.swift in Sources */ = {isa = PBXBuildFile; fileRef = 26E368591BE8387800CDBAE5 /* Category.swift */; };
		26E368631BE8470D00CDBAE5 /* CategoryTableViewCell.swift in Sources */ = {isa = PBXBuildFile; fileRef = 26E368611BE8470D00CDBAE5 /* CategoryTableViewCell.swift */; };
		26E368641BE8470D00CDBAE5 /* CategoryTableViewCell.xib in Resources */ = {isa = PBXBuildFile; fileRef = 26E368621BE8470D00CDBAE5 /* CategoryTableViewCell.xib */; };
		908278241BEEBB2800DFB52F /* SignupViewController.swift in Sources */ = {isa = PBXBuildFile; fileRef = 908278231BEEBB2800DFB52F /* SignupViewController.swift */; };
		90C442FE1BEEE8A3001A8749 /* AudioToolbox.framework in Frameworks */ = {isa = PBXBuildFile; fileRef = 90C442FD1BEEE8A3001A8749 /* AudioToolbox.framework */; };
		90C443001BEEE8B3001A8749 /* CFNetwork.framework in Frameworks */ = {isa = PBXBuildFile; fileRef = 90C442FF1BEEE8B3001A8749 /* CFNetwork.framework */; };
		90C443021BEEE96D001A8749 /* CoreGraphics.framework in Frameworks */ = {isa = PBXBuildFile; fileRef = 90C443011BEEE96D001A8749 /* CoreGraphics.framework */; };
		90C443041BEEE979001A8749 /* CoreLocation.framework in Frameworks */ = {isa = PBXBuildFile; fileRef = 90C443031BEEE979001A8749 /* CoreLocation.framework */; };
		90C443061BEEE983001A8749 /* QuartzCore.framework in Frameworks */ = {isa = PBXBuildFile; fileRef = 90C443051BEEE983001A8749 /* QuartzCore.framework */; };
		90C443081BEEE98C001A8749 /* Security.framework in Frameworks */ = {isa = PBXBuildFile; fileRef = 90C443071BEEE98C001A8749 /* Security.framework */; };
		90C4430A1BEEE995001A8749 /* StoreKit.framework in Frameworks */ = {isa = PBXBuildFile; fileRef = 90C443091BEEE995001A8749 /* StoreKit.framework */; };
		90C4430C1BEEE99D001A8749 /* SystemConfiguration.framework in Frameworks */ = {isa = PBXBuildFile; fileRef = 90C4430B1BEEE99D001A8749 /* SystemConfiguration.framework */; };
		90C4430E1BEEE9A5001A8749 /* libz.tbd in Frameworks */ = {isa = PBXBuildFile; fileRef = 90C4430D1BEEE9A5001A8749 /* libz.tbd */; };
		90C443101BEEE9B4001A8749 /* libsqlite3.tbd in Frameworks */ = {isa = PBXBuildFile; fileRef = 90C4430F1BEEE9B4001A8749 /* libsqlite3.tbd */; };
		90C443121BEEE9BE001A8749 /* Accounts.framework in Frameworks */ = {isa = PBXBuildFile; fileRef = 90C443111BEEE9BE001A8749 /* Accounts.framework */; };
		90C443141BEEE9CE001A8749 /* Social.framework in Frameworks */ = {isa = PBXBuildFile; fileRef = 90C443131BEEE9CE001A8749 /* Social.framework */; };
		90C4431E1BEF0074001A8749 /* Bolts.framework in Frameworks */ = {isa = PBXBuildFile; fileRef = 90C4431C1BEF0074001A8749 /* Bolts.framework */; };
		90C4431F1BEF0074001A8749 /* Parse.framework in Frameworks */ = {isa = PBXBuildFile; fileRef = 90C4431D1BEF0074001A8749 /* Parse.framework */; };
		90C443211BEFF7C1001A8749 /* ParseFacebookUtilsV4.framework in Frameworks */ = {isa = PBXBuildFile; fileRef = 90C443201BEFF7C1001A8749 /* ParseFacebookUtilsV4.framework */; };
		90C443231BF00A37001A8749 /* ParseFacebookUtils.framework in Frameworks */ = {isa = PBXBuildFile; fileRef = 90C443221BF00A37001A8749 /* ParseFacebookUtils.framework */; };
		90C443291BF14D67001A8749 /* FBSDKCoreKit.framework in Frameworks */ = {isa = PBXBuildFile; fileRef = 90C443261BF14D67001A8749 /* FBSDKCoreKit.framework */; };
		90C4432A1BF14D67001A8749 /* FBSDKLoginKit.framework in Frameworks */ = {isa = PBXBuildFile; fileRef = 90C443271BF14D67001A8749 /* FBSDKLoginKit.framework */; };
		90C4432B1BF14D67001A8749 /* FBSDKShareKit.framework in Frameworks */ = {isa = PBXBuildFile; fileRef = 90C443281BF14D67001A8749 /* FBSDKShareKit.framework */; };
		BD37A71B1BED4E5A00F92534 /* MapViewController.swift in Sources */ = {isa = PBXBuildFile; fileRef = BD37A71A1BED4E5900F92534 /* MapViewController.swift */; };
		BD37A7211BED59DD00F92534 /* MapKit.framework in Frameworks */ = {isa = PBXBuildFile; fileRef = BD37A7201BED59DD00F92534 /* MapKit.framework */; };
		BD61A7FE1BEC481C0011ECA4 /* AddingLocationController.swift in Sources */ = {isa = PBXBuildFile; fileRef = BD61A7FD1BEC481C0011ECA4 /* AddingLocationController.swift */; };
		EE56906C8B25AF90DD18525D /* Pods.framework in Frameworks */ = {isa = PBXBuildFile; fileRef = 1D3A225ED54F582248A0FB7C /* Pods.framework */; settings = {ATTRIBUTES = (Weak, ); }; };
/* End PBXBuildFile section */

/* Begin PBXFileReference section */
		1D3A225ED54F582248A0FB7C /* Pods.framework */ = {isa = PBXFileReference; explicitFileType = wrapper.framework; includeInIndex = 0; path = Pods.framework; sourceTree = BUILT_PRODUCTS_DIR; };
		2601AD491BD4B195004F6394 /* Voyager.app */ = {isa = PBXFileReference; explicitFileType = wrapper.application; includeInIndex = 0; path = Voyager.app; sourceTree = BUILT_PRODUCTS_DIR; };
		2601AD4C1BD4B195004F6394 /* AppDelegate.swift */ = {isa = PBXFileReference; lastKnownFileType = sourcecode.swift; path = AppDelegate.swift; sourceTree = "<group>"; };
		2601AD511BD4B195004F6394 /* Base */ = {isa = PBXFileReference; lastKnownFileType = file.storyboard; name = Base; path = Base.lproj/Main.storyboard; sourceTree = "<group>"; };
		2601AD531BD4B195004F6394 /* Assets.xcassets */ = {isa = PBXFileReference; lastKnownFileType = folder.assetcatalog; path = Assets.xcassets; sourceTree = "<group>"; };
		2601AD561BD4B195004F6394 /* Base */ = {isa = PBXFileReference; lastKnownFileType = file.storyboard; name = Base; path = Base.lproj/LaunchScreen.storyboard; sourceTree = "<group>"; };
		2601AD581BD4B196004F6394 /* Info.plist */ = {isa = PBXFileReference; lastKnownFileType = text.plist.xml; path = Info.plist; sourceTree = "<group>"; };
		26BA99301BF94E9100EC4F91 /* UserInfoViewController.swift */ = {isa = PBXFileReference; fileEncoding = 4; lastKnownFileType = sourcecode.swift; path = UserInfoViewController.swift; sourceTree = "<group>"; };
		26C429DA1BE3F215001C56DA /* ScrollViewController.swift */ = {isa = PBXFileReference; fileEncoding = 4; lastKnownFileType = sourcecode.swift; path = ScrollViewController.swift; sourceTree = "<group>"; };
		26C429E21BE3F2CE001C56DA /* SearchViewController.swift */ = {isa = PBXFileReference; fileEncoding = 4; lastKnownFileType = sourcecode.swift; path = SearchViewController.swift; sourceTree = "<group>"; };
		26C429E31BE3F2CE001C56DA /* SearchViewController.xib */ = {isa = PBXFileReference; fileEncoding = 4; lastKnownFileType = file.xib; path = SearchViewController.xib; sourceTree = "<group>"; };
		26C429E61BE3F2E3001C56DA /* CategoriesViewController.swift */ = {isa = PBXFileReference; fileEncoding = 4; lastKnownFileType = sourcecode.swift; path = CategoriesViewController.swift; sourceTree = "<group>"; };
		26C429E71BE3F2E3001C56DA /* CategoriesViewController.xib */ = {isa = PBXFileReference; fileEncoding = 4; lastKnownFileType = file.xib; path = CategoriesViewController.xib; sourceTree = "<group>"; };
		26C429EA1BE3F2F1001C56DA /* DiscoverViewController.swift */ = {isa = PBXFileReference; fileEncoding = 4; lastKnownFileType = sourcecode.swift; path = DiscoverViewController.swift; sourceTree = "<group>"; };
		26C429EB1BE3F2F1001C56DA /* DiscoverViewController.xib */ = {isa = PBXFileReference; fileEncoding = 4; lastKnownFileType = file.xib; path = DiscoverViewController.xib; sourceTree = "<group>"; };
		26C429EE1BE3FA2F001C56DA /* NewEventViewController.swift */ = {isa = PBXFileReference; fileEncoding = 4; lastKnownFileType = sourcecode.swift; path = NewEventViewController.swift; sourceTree = "<group>"; };
		26E368531BE8379A00CDBAE5 /* Tour.swift */ = {isa = PBXFileReference; fileEncoding = 4; lastKnownFileType = sourcecode.swift; path = Tour.swift; sourceTree = "<group>"; };
		26E368551BE8380600CDBAE5 /* Location.swift */ = {isa = PBXFileReference; fileEncoding = 4; lastKnownFileType = sourcecode.swift; path = Location.swift; sourceTree = "<group>"; };
		26E368591BE8387800CDBAE5 /* Category.swift */ = {isa = PBXFileReference; fileEncoding = 4; lastKnownFileType = sourcecode.swift; path = Category.swift; sourceTree = "<group>"; };
		26E368611BE8470D00CDBAE5 /* CategoryTableViewCell.swift */ = {isa = PBXFileReference; fileEncoding = 4; lastKnownFileType = sourcecode.swift; path = CategoryTableViewCell.swift; sourceTree = "<group>"; };
		26E368621BE8470D00CDBAE5 /* CategoryTableViewCell.xib */ = {isa = PBXFileReference; fileEncoding = 4; lastKnownFileType = file.xib; path = CategoryTableViewCell.xib; sourceTree = "<group>"; };
		76C8530CF00CEE2B03FB00AE /* Pods.release.xcconfig */ = {isa = PBXFileReference; includeInIndex = 1; lastKnownFileType = text.xcconfig; name = Pods.release.xcconfig; path = "Pods/Target Support Files/Pods/Pods.release.xcconfig"; sourceTree = "<group>"; };
		8402E3352D099E38D2425AB3 /* Pods.debug.xcconfig */ = {isa = PBXFileReference; includeInIndex = 1; lastKnownFileType = text.xcconfig; name = Pods.debug.xcconfig; path = "Pods/Target Support Files/Pods/Pods.debug.xcconfig"; sourceTree = "<group>"; };
		908278231BEEBB2800DFB52F /* SignupViewController.swift */ = {isa = PBXFileReference; fileEncoding = 4; lastKnownFileType = sourcecode.swift; path = SignupViewController.swift; sourceTree = "<group>"; };
		90C442FD1BEEE8A3001A8749 /* AudioToolbox.framework */ = {isa = PBXFileReference; lastKnownFileType = wrapper.framework; name = AudioToolbox.framework; path = System/Library/Frameworks/AudioToolbox.framework; sourceTree = SDKROOT; };
		90C442FF1BEEE8B3001A8749 /* CFNetwork.framework */ = {isa = PBXFileReference; lastKnownFileType = wrapper.framework; name = CFNetwork.framework; path = System/Library/Frameworks/CFNetwork.framework; sourceTree = SDKROOT; };
		90C443011BEEE96D001A8749 /* CoreGraphics.framework */ = {isa = PBXFileReference; lastKnownFileType = wrapper.framework; name = CoreGraphics.framework; path = System/Library/Frameworks/CoreGraphics.framework; sourceTree = SDKROOT; };
		90C443031BEEE979001A8749 /* CoreLocation.framework */ = {isa = PBXFileReference; lastKnownFileType = wrapper.framework; name = CoreLocation.framework; path = System/Library/Frameworks/CoreLocation.framework; sourceTree = SDKROOT; };
		90C443051BEEE983001A8749 /* QuartzCore.framework */ = {isa = PBXFileReference; lastKnownFileType = wrapper.framework; name = QuartzCore.framework; path = System/Library/Frameworks/QuartzCore.framework; sourceTree = SDKROOT; };
		90C443071BEEE98C001A8749 /* Security.framework */ = {isa = PBXFileReference; lastKnownFileType = wrapper.framework; name = Security.framework; path = System/Library/Frameworks/Security.framework; sourceTree = SDKROOT; };
		90C443091BEEE995001A8749 /* StoreKit.framework */ = {isa = PBXFileReference; lastKnownFileType = wrapper.framework; name = StoreKit.framework; path = System/Library/Frameworks/StoreKit.framework; sourceTree = SDKROOT; };
		90C4430B1BEEE99D001A8749 /* SystemConfiguration.framework */ = {isa = PBXFileReference; lastKnownFileType = wrapper.framework; name = SystemConfiguration.framework; path = System/Library/Frameworks/SystemConfiguration.framework; sourceTree = SDKROOT; };
		90C4430D1BEEE9A5001A8749 /* libz.tbd */ = {isa = PBXFileReference; lastKnownFileType = "sourcecode.text-based-dylib-definition"; name = libz.tbd; path = usr/lib/libz.tbd; sourceTree = SDKROOT; };
		90C4430F1BEEE9B4001A8749 /* libsqlite3.tbd */ = {isa = PBXFileReference; lastKnownFileType = "sourcecode.text-based-dylib-definition"; name = libsqlite3.tbd; path = usr/lib/libsqlite3.tbd; sourceTree = SDKROOT; };
		90C443111BEEE9BE001A8749 /* Accounts.framework */ = {isa = PBXFileReference; lastKnownFileType = wrapper.framework; name = Accounts.framework; path = System/Library/Frameworks/Accounts.framework; sourceTree = SDKROOT; };
		90C443131BEEE9CE001A8749 /* Social.framework */ = {isa = PBXFileReference; lastKnownFileType = wrapper.framework; name = Social.framework; path = System/Library/Frameworks/Social.framework; sourceTree = SDKROOT; };
		90C443151BEEF12C001A8749 /* Voyager-Bridging-Header.h */ = {isa = PBXFileReference; lastKnownFileType = sourcecode.c.h; path = "Voyager-Bridging-Header.h"; sourceTree = SOURCE_ROOT; };
		90C4431C1BEF0074001A8749 /* Bolts.framework */ = {isa = PBXFileReference; lastKnownFileType = wrapper.framework; path = Bolts.framework; sourceTree = "<group>"; };
		90C4431D1BEF0074001A8749 /* Parse.framework */ = {isa = PBXFileReference; lastKnownFileType = wrapper.framework; path = Parse.framework; sourceTree = "<group>"; };
		90C443201BEFF7C1001A8749 /* ParseFacebookUtilsV4.framework */ = {isa = PBXFileReference; lastKnownFileType = wrapper.framework; path = ParseFacebookUtilsV4.framework; sourceTree = "<group>"; };
		90C443221BF00A37001A8749 /* ParseFacebookUtils.framework */ = {isa = PBXFileReference; lastKnownFileType = wrapper.framework; path = ParseFacebookUtils.framework; sourceTree = "<group>"; };
		90C443261BF14D67001A8749 /* FBSDKCoreKit.framework */ = {isa = PBXFileReference; lastKnownFileType = wrapper.framework; path = FBSDKCoreKit.framework; sourceTree = "<group>"; };
		90C443271BF14D67001A8749 /* FBSDKLoginKit.framework */ = {isa = PBXFileReference; lastKnownFileType = wrapper.framework; path = FBSDKLoginKit.framework; sourceTree = "<group>"; };
		90C443281BF14D67001A8749 /* FBSDKShareKit.framework */ = {isa = PBXFileReference; lastKnownFileType = wrapper.framework; path = FBSDKShareKit.framework; sourceTree = "<group>"; };
		BD37A71A1BED4E5900F92534 /* MapViewController.swift */ = {isa = PBXFileReference; fileEncoding = 4; lastKnownFileType = sourcecode.swift; path = MapViewController.swift; sourceTree = "<group>"; };
		BD37A7201BED59DD00F92534 /* MapKit.framework */ = {isa = PBXFileReference; lastKnownFileType = wrapper.framework; name = MapKit.framework; path = System/Library/Frameworks/MapKit.framework; sourceTree = SDKROOT; };
		BD61A7FD1BEC481C0011ECA4 /* AddingLocationController.swift */ = {isa = PBXFileReference; fileEncoding = 4; lastKnownFileType = sourcecode.swift; path = AddingLocationController.swift; sourceTree = "<group>"; };
/* End PBXFileReference section */

/* Begin PBXFrameworksBuildPhase section */
		2601AD461BD4B195004F6394 /* Frameworks */ = {
			isa = PBXFrameworksBuildPhase;
			buildActionMask = 2147483647;
			files = (
				90C443141BEEE9CE001A8749 /* Social.framework in Frameworks */,
				90C443121BEEE9BE001A8749 /* Accounts.framework in Frameworks */,
				90C443211BEFF7C1001A8749 /* ParseFacebookUtilsV4.framework in Frameworks */,
				90C443101BEEE9B4001A8749 /* libsqlite3.tbd in Frameworks */,
				90C4430E1BEEE9A5001A8749 /* libz.tbd in Frameworks */,
				90C4430C1BEEE99D001A8749 /* SystemConfiguration.framework in Frameworks */,
				90C4430A1BEEE995001A8749 /* StoreKit.framework in Frameworks */,
				90C443291BF14D67001A8749 /* FBSDKCoreKit.framework in Frameworks */,
				90C443081BEEE98C001A8749 /* Security.framework in Frameworks */,
				90C443061BEEE983001A8749 /* QuartzCore.framework in Frameworks */,
				90C443041BEEE979001A8749 /* CoreLocation.framework in Frameworks */,
				90C443021BEEE96D001A8749 /* CoreGraphics.framework in Frameworks */,
				90C4432B1BF14D67001A8749 /* FBSDKShareKit.framework in Frameworks */,
				90C443001BEEE8B3001A8749 /* CFNetwork.framework in Frameworks */,
				90C4432A1BF14D67001A8749 /* FBSDKLoginKit.framework in Frameworks */,
				90C442FE1BEEE8A3001A8749 /* AudioToolbox.framework in Frameworks */,
				90C4431F1BEF0074001A8749 /* Parse.framework in Frameworks */,
				BD37A7211BED59DD00F92534 /* MapKit.framework in Frameworks */,
				90C4431E1BEF0074001A8749 /* Bolts.framework in Frameworks */,
				90C443231BF00A37001A8749 /* ParseFacebookUtils.framework in Frameworks */,
				EE56906C8B25AF90DD18525D /* Pods.framework in Frameworks */,
			);
			runOnlyForDeploymentPostprocessing = 0;
		};
/* End PBXFrameworksBuildPhase section */

/* Begin PBXGroup section */
		2601AD401BD4B195004F6394 = {
			isa = PBXGroup;
			children = (
				9082781C1BEEB75700DFB52F /* Framework */,
				2601AD4B1BD4B195004F6394 /* Voyager */,
				2601AD4A1BD4B195004F6394 /* Products */,
				9967F5F470CFD2243BC0C27B /* Pods */,
				CCA2BF4041BF0B2CC33562AC /* Frameworks */,
			);
			sourceTree = "<group>";
		};
		2601AD4A1BD4B195004F6394 /* Products */ = {
			isa = PBXGroup;
			children = (
				2601AD491BD4B195004F6394 /* Voyager.app */,
			);
			name = Products;
			sourceTree = "<group>";
		};
		2601AD4B1BD4B195004F6394 /* Voyager */ = {
			isa = PBXGroup;
			children = (
				90C443151BEEF12C001A8749 /* Voyager-Bridging-Header.h */,
				26BA99381BF9520A00EC4F91 /* Design */,
				2601AD5F1BD4B3F9004F6394 /* Controllers */,
				2601AD5E1BD4B3F2004F6394 /* Data */,
				2601AD501BD4B195004F6394 /* Main.storyboard */,
				2601AD4C1BD4B195004F6394 /* AppDelegate.swift */,
				2601AD531BD4B195004F6394 /* Assets.xcassets */,
				2601AD551BD4B195004F6394 /* LaunchScreen.storyboard */,
				2601AD581BD4B196004F6394 /* Info.plist */,
			);
			path = Voyager;
			sourceTree = "<group>";
		};
		2601AD5E1BD4B3F2004F6394 /* Data */ = {
			isa = PBXGroup;
			children = (
				26E368531BE8379A00CDBAE5 /* Tour.swift */,
				26E368551BE8380600CDBAE5 /* Location.swift */,
				26E368591BE8387800CDBAE5 /* Category.swift */,
			);
			name = Data;
			sourceTree = "<group>";
		};
		2601AD5F1BD4B3F9004F6394 /* Controllers */ = {
			isa = PBXGroup;
			children = (
				26E368671BE847DF00CDBAE5 /* Discover */,
				26E368661BE847D200CDBAE5 /* Search */,
				26E368651BE847B500CDBAE5 /* Categories */,
				26C429DA1BE3F215001C56DA /* ScrollViewController.swift */,
				26C429EE1BE3FA2F001C56DA /* NewEventViewController.swift */,
				BD61A7FD1BEC481C0011ECA4 /* AddingLocationController.swift */,
				BD37A71A1BED4E5900F92534 /* MapViewController.swift */,
				26BA99301BF94E9100EC4F91 /* UserInfoViewController.swift */,
				908278231BEEBB2800DFB52F /* SignupViewController.swift */,
			);
			name = Controllers;
			sourceTree = "<group>";
		};
		26BA99381BF9520A00EC4F91 /* Design */ = {
			isa = PBXGroup;
			children = (
			);
			name = Design;
			sourceTree = "<group>";
		};
		26E368651BE847B500CDBAE5 /* Categories */ = {
			isa = PBXGroup;
			children = (
				26C429E61BE3F2E3001C56DA /* CategoriesViewController.swift */,
				26C429E71BE3F2E3001C56DA /* CategoriesViewController.xib */,
				26E368611BE8470D00CDBAE5 /* CategoryTableViewCell.swift */,
				26E368621BE8470D00CDBAE5 /* CategoryTableViewCell.xib */,
			);
			name = Categories;
			sourceTree = "<group>";
		};
		26E368661BE847D200CDBAE5 /* Search */ = {
			isa = PBXGroup;
			children = (
				26C429E21BE3F2CE001C56DA /* SearchViewController.swift */,
				26C429E31BE3F2CE001C56DA /* SearchViewController.xib */,
			);
			name = Search;
			sourceTree = "<group>";
		};
		26E368671BE847DF00CDBAE5 /* Discover */ = {
			isa = PBXGroup;
			children = (
				26C429EA1BE3F2F1001C56DA /* DiscoverViewController.swift */,
				26C429EB1BE3F2F1001C56DA /* DiscoverViewController.xib */,
			);
			name = Discover;
			sourceTree = "<group>";
		};
		9082781C1BEEB75700DFB52F /* Framework */ = {
			isa = PBXGroup;
			children = (
				90C443261BF14D67001A8749 /* FBSDKCoreKit.framework */,
				90C443271BF14D67001A8749 /* FBSDKLoginKit.framework */,
				90C443281BF14D67001A8749 /* FBSDKShareKit.framework */,
				90C443221BF00A37001A8749 /* ParseFacebookUtils.framework */,
				90C443201BEFF7C1001A8749 /* ParseFacebookUtilsV4.framework */,
				90C4431C1BEF0074001A8749 /* Bolts.framework */,
				90C4431D1BEF0074001A8749 /* Parse.framework */,
				90C443131BEEE9CE001A8749 /* Social.framework */,
				90C443111BEEE9BE001A8749 /* Accounts.framework */,
				90C4430F1BEEE9B4001A8749 /* libsqlite3.tbd */,
				90C4430D1BEEE9A5001A8749 /* libz.tbd */,
				90C4430B1BEEE99D001A8749 /* SystemConfiguration.framework */,
				90C443091BEEE995001A8749 /* StoreKit.framework */,
				90C443071BEEE98C001A8749 /* Security.framework */,
				90C443051BEEE983001A8749 /* QuartzCore.framework */,
				90C443031BEEE979001A8749 /* CoreLocation.framework */,
				90C443011BEEE96D001A8749 /* CoreGraphics.framework */,
				90C442FF1BEEE8B3001A8749 /* CFNetwork.framework */,
				90C442FD1BEEE8A3001A8749 /* AudioToolbox.framework */,
				BD37A7201BED59DD00F92534 /* MapKit.framework */,
			);
			name = Framework;
			sourceTree = "<group>";
		};
		9967F5F470CFD2243BC0C27B /* Pods */ = {
			isa = PBXGroup;
			children = (
				8402E3352D099E38D2425AB3 /* Pods.debug.xcconfig */,
				76C8530CF00CEE2B03FB00AE /* Pods.release.xcconfig */,
			);
			name = Pods;
			sourceTree = "<group>";
		};
		CCA2BF4041BF0B2CC33562AC /* Frameworks */ = {
			isa = PBXGroup;
			children = (
				1D3A225ED54F582248A0FB7C /* Pods.framework */,
			);
			name = Frameworks;
			sourceTree = "<group>";
		};
/* End PBXGroup section */

/* Begin PBXNativeTarget section */
		2601AD481BD4B195004F6394 /* Voyager */ = {
			isa = PBXNativeTarget;
			buildConfigurationList = 2601AD5B1BD4B196004F6394 /* Build configuration list for PBXNativeTarget "Voyager" */;
			buildPhases = (
				10109538D171E0EA870418A1 /* Check Pods Manifest.lock */,
				2601AD451BD4B195004F6394 /* Sources */,
				2601AD461BD4B195004F6394 /* Frameworks */,
				2601AD471BD4B195004F6394 /* Resources */,
				C9C81B366C535655CFFB7587 /* Embed Pods Frameworks */,
				08176B5296901334ED93E042 /* Copy Pods Resources */,
			);
			buildRules = (
			);
			dependencies = (
			);
			name = Voyager;
			productName = Voyager;
			productReference = 2601AD491BD4B195004F6394 /* Voyager.app */;
			productType = "com.apple.product-type.application";
		};
/* End PBXNativeTarget section */

/* Begin PBXProject section */
		2601AD411BD4B195004F6394 /* Project object */ = {
			isa = PBXProject;
			attributes = {
				LastUpgradeCheck = 0700;
				ORGANIZATIONNAME = Voyager;
				TargetAttributes = {
					2601AD481BD4B195004F6394 = {
						CreatedOnToolsVersion = 7.0.1;
						SystemCapabilities = {
							com.apple.Maps.iOS = {
								enabled = 0;
							};
						};
					};
				};
			};
			buildConfigurationList = 2601AD441BD4B195004F6394 /* Build configuration list for PBXProject "Voyager" */;
			compatibilityVersion = "Xcode 3.2";
			developmentRegion = English;
			hasScannedForEncodings = 0;
			knownRegions = (
				en,
				Base,
			);
			mainGroup = 2601AD401BD4B195004F6394;
			productRefGroup = 2601AD4A1BD4B195004F6394 /* Products */;
			projectDirPath = "";
			projectRoot = "";
			targets = (
				2601AD481BD4B195004F6394 /* Voyager */,
			);
		};
/* End PBXProject section */

/* Begin PBXResourcesBuildPhase section */
		2601AD471BD4B195004F6394 /* Resources */ = {
			isa = PBXResourcesBuildPhase;
			buildActionMask = 2147483647;
			files = (
				2601AD571BD4B195004F6394 /* LaunchScreen.storyboard in Resources */,
				26E368641BE8470D00CDBAE5 /* CategoryTableViewCell.xib in Resources */,
				26C429ED1BE3F2F1001C56DA /* DiscoverViewController.xib in Resources */,
				2601AD541BD4B195004F6394 /* Assets.xcassets in Resources */,
				26C429E91BE3F2E3001C56DA /* CategoriesViewController.xib in Resources */,
				26C429E51BE3F2CE001C56DA /* SearchViewController.xib in Resources */,
				2601AD521BD4B195004F6394 /* Main.storyboard in Resources */,
			);
			runOnlyForDeploymentPostprocessing = 0;
		};
/* End PBXResourcesBuildPhase section */

/* Begin PBXShellScriptBuildPhase section */
		08176B5296901334ED93E042 /* Copy Pods Resources */ = {
			isa = PBXShellScriptBuildPhase;
			buildActionMask = 2147483647;
			files = (
			);
			inputPaths = (
			);
			name = "Copy Pods Resources";
			outputPaths = (
			);
			runOnlyForDeploymentPostprocessing = 0;
			shellPath = /bin/sh;
			shellScript = "\"${SRCROOT}/Pods/Target Support Files/Pods/Pods-resources.sh\"\n";
			showEnvVarsInLog = 0;
		};
		10109538D171E0EA870418A1 /* Check Pods Manifest.lock */ = {
			isa = PBXShellScriptBuildPhase;
			buildActionMask = 2147483647;
			files = (
			);
			inputPaths = (
			);
			name = "Check Pods Manifest.lock";
			outputPaths = (
			);
			runOnlyForDeploymentPostprocessing = 0;
			shellPath = /bin/sh;
			shellScript = "diff \"${PODS_ROOT}/../Podfile.lock\" \"${PODS_ROOT}/Manifest.lock\" > /dev/null\nif [[ $? != 0 ]] ; then\n    cat << EOM\nerror: The sandbox is not in sync with the Podfile.lock. Run 'pod install' or update your CocoaPods installation.\nEOM\n    exit 1\nfi\n";
			showEnvVarsInLog = 0;
		};
		C9C81B366C535655CFFB7587 /* Embed Pods Frameworks */ = {
			isa = PBXShellScriptBuildPhase;
			buildActionMask = 2147483647;
			files = (
			);
			inputPaths = (
			);
			name = "Embed Pods Frameworks";
			outputPaths = (
			);
			runOnlyForDeploymentPostprocessing = 0;
			shellPath = /bin/sh;
			shellScript = "\"${SRCROOT}/Pods/Target Support Files/Pods/Pods-frameworks.sh\"\n";
			showEnvVarsInLog = 0;
		};
/* End PBXShellScriptBuildPhase section */

/* Begin PBXSourcesBuildPhase section */
		2601AD451BD4B195004F6394 /* Sources */ = {
			isa = PBXSourcesBuildPhase;
			buildActionMask = 2147483647;
			files = (
				26E368541BE8379A00CDBAE5 /* Tour.swift in Sources */,
				26BA99311BF94E9100EC4F91 /* UserInfoViewController.swift in Sources */,
				26C429E41BE3F2CE001C56DA /* SearchViewController.swift in Sources */,
				BD61A7FE1BEC481C0011ECA4 /* AddingLocationController.swift in Sources */,
				26E368561BE8380600CDBAE5 /* Location.swift in Sources */,
				26C429EF1BE3FA2F001C56DA /* NewEventViewController.swift in Sources */,
				26C429EC1BE3F2F1001C56DA /* DiscoverViewController.swift in Sources */,
				26E368631BE8470D00CDBAE5 /* CategoryTableViewCell.swift in Sources */,
				BD37A71B1BED4E5A00F92534 /* MapViewController.swift in Sources */,
				26E3685A1BE8387800CDBAE5 /* Category.swift in Sources */,
				908278241BEEBB2800DFB52F /* SignupViewController.swift in Sources */,
				26C429E81BE3F2E3001C56DA /* CategoriesViewController.swift in Sources */,
				2601AD4D1BD4B195004F6394 /* AppDelegate.swift in Sources */,
				26C429DB1BE3F215001C56DA /* ScrollViewController.swift in Sources */,
			);
			runOnlyForDeploymentPostprocessing = 0;
		};
/* End PBXSourcesBuildPhase section */

/* Begin PBXVariantGroup section */
		2601AD501BD4B195004F6394 /* Main.storyboard */ = {
			isa = PBXVariantGroup;
			children = (
				2601AD511BD4B195004F6394 /* Base */,
			);
			name = Main.storyboard;
			sourceTree = "<group>";
		};
		2601AD551BD4B195004F6394 /* LaunchScreen.storyboard */ = {
			isa = PBXVariantGroup;
			children = (
				2601AD561BD4B195004F6394 /* Base */,
			);
			name = LaunchScreen.storyboard;
			sourceTree = "<group>";
		};
/* End PBXVariantGroup section */

/* Begin XCBuildConfiguration section */
		2601AD591BD4B196004F6394 /* Debug */ = {
			isa = XCBuildConfiguration;
			buildSettings = {
				ALWAYS_SEARCH_USER_PATHS = NO;
				CLANG_CXX_LANGUAGE_STANDARD = "gnu++0x";
				CLANG_CXX_LIBRARY = "libc++";
				CLANG_ENABLE_MODULES = YES;
				CLANG_ENABLE_OBJC_ARC = YES;
				CLANG_WARN_BOOL_CONVERSION = YES;
				CLANG_WARN_CONSTANT_CONVERSION = YES;
				CLANG_WARN_DIRECT_OBJC_ISA_USAGE = YES_ERROR;
				CLANG_WARN_EMPTY_BODY = YES;
				CLANG_WARN_ENUM_CONVERSION = YES;
				CLANG_WARN_INT_CONVERSION = YES;
				CLANG_WARN_OBJC_ROOT_CLASS = YES_ERROR;
				CLANG_WARN_UNREACHABLE_CODE = YES;
				CLANG_WARN__DUPLICATE_METHOD_MATCH = YES;
				"CODE_SIGN_IDENTITY[sdk=iphoneos*]" = "iPhone Developer";
				COPY_PHASE_STRIP = NO;
				DEBUG_INFORMATION_FORMAT = dwarf;
				ENABLE_STRICT_OBJC_MSGSEND = YES;
				ENABLE_TESTABILITY = YES;
				GCC_C_LANGUAGE_STANDARD = gnu99;
				GCC_DYNAMIC_NO_PIC = NO;
				GCC_NO_COMMON_BLOCKS = YES;
				GCC_OPTIMIZATION_LEVEL = 0;
				GCC_PREPROCESSOR_DEFINITIONS = (
					"DEBUG=1",
					"$(inherited)",
				);
				GCC_WARN_64_TO_32_BIT_CONVERSION = YES;
				GCC_WARN_ABOUT_RETURN_TYPE = YES_ERROR;
				GCC_WARN_UNDECLARED_SELECTOR = YES;
				GCC_WARN_UNINITIALIZED_AUTOS = YES_AGGRESSIVE;
				GCC_WARN_UNUSED_FUNCTION = YES;
				GCC_WARN_UNUSED_VARIABLE = YES;
				IPHONEOS_DEPLOYMENT_TARGET = 9.0;
				MTL_ENABLE_DEBUG_INFO = YES;
				ONLY_ACTIVE_ARCH = YES;
				SDKROOT = iphoneos;
				SWIFT_OPTIMIZATION_LEVEL = "-Onone";
				TARGETED_DEVICE_FAMILY = "1,2";
			};
			name = Debug;
		};
		2601AD5A1BD4B196004F6394 /* Release */ = {
			isa = XCBuildConfiguration;
			buildSettings = {
				ALWAYS_SEARCH_USER_PATHS = NO;
				CLANG_CXX_LANGUAGE_STANDARD = "gnu++0x";
				CLANG_CXX_LIBRARY = "libc++";
				CLANG_ENABLE_MODULES = YES;
				CLANG_ENABLE_OBJC_ARC = YES;
				CLANG_WARN_BOOL_CONVERSION = YES;
				CLANG_WARN_CONSTANT_CONVERSION = YES;
				CLANG_WARN_DIRECT_OBJC_ISA_USAGE = YES_ERROR;
				CLANG_WARN_EMPTY_BODY = YES;
				CLANG_WARN_ENUM_CONVERSION = YES;
				CLANG_WARN_INT_CONVERSION = YES;
				CLANG_WARN_OBJC_ROOT_CLASS = YES_ERROR;
				CLANG_WARN_UNREACHABLE_CODE = YES;
				CLANG_WARN__DUPLICATE_METHOD_MATCH = YES;
				"CODE_SIGN_IDENTITY[sdk=iphoneos*]" = "iPhone Developer";
				COPY_PHASE_STRIP = NO;
				DEBUG_INFORMATION_FORMAT = "dwarf-with-dsym";
				ENABLE_NS_ASSERTIONS = NO;
				ENABLE_STRICT_OBJC_MSGSEND = YES;
				GCC_C_LANGUAGE_STANDARD = gnu99;
				GCC_NO_COMMON_BLOCKS = YES;
				GCC_WARN_64_TO_32_BIT_CONVERSION = YES;
				GCC_WARN_ABOUT_RETURN_TYPE = YES_ERROR;
				GCC_WARN_UNDECLARED_SELECTOR = YES;
				GCC_WARN_UNINITIALIZED_AUTOS = YES_AGGRESSIVE;
				GCC_WARN_UNUSED_FUNCTION = YES;
				GCC_WARN_UNUSED_VARIABLE = YES;
				IPHONEOS_DEPLOYMENT_TARGET = 9.0;
				MTL_ENABLE_DEBUG_INFO = NO;
				SDKROOT = iphoneos;
				TARGETED_DEVICE_FAMILY = "1,2";
				VALIDATE_PRODUCT = YES;
			};
			name = Release;
		};
		2601AD5C1BD4B196004F6394 /* Debug */ = {
			isa = XCBuildConfiguration;
			baseConfigurationReference = 8402E3352D099E38D2425AB3 /* Pods.debug.xcconfig */;
			buildSettings = {
				ASSETCATALOG_COMPILER_APPICON_NAME = AppIcon;
				FRAMEWORK_SEARCH_PATHS = (
					"/Users/satyamdhar/Documents/FacebookSDKs-iOS-20151026/",
					"$(PROJECT_DIR)",
				);
				INFOPLIST_FILE = Voyager/Info.plist;
				LD_RUNPATH_SEARCH_PATHS = "$(inherited) @executable_path/Frameworks";
				PRODUCT_BUNDLE_IDENTIFIER = com.voyager.Voyager;
				PRODUCT_NAME = "$(TARGET_NAME)";
				SWIFT_OBJC_BRIDGING_HEADER = "Voyager-Bridging-Header.h";
			};
			name = Debug;
		};
		2601AD5D1BD4B196004F6394 /* Release */ = {
			isa = XCBuildConfiguration;
			baseConfigurationReference = 76C8530CF00CEE2B03FB00AE /* Pods.release.xcconfig */;
			buildSettings = {
				ASSETCATALOG_COMPILER_APPICON_NAME = AppIcon;
				FRAMEWORK_SEARCH_PATHS = (
					"/Users/satyamdhar/Documents/FacebookSDKs-iOS-20151026/",
					"$(PROJECT_DIR)",
				);
				INFOPLIST_FILE = Voyager/Info.plist;
				LD_RUNPATH_SEARCH_PATHS = "$(inherited) @executable_path/Frameworks";
				PRODUCT_BUNDLE_IDENTIFIER = com.voyager.Voyager;
				PRODUCT_NAME = "$(TARGET_NAME)";
				SWIFT_OBJC_BRIDGING_HEADER = "Voyager-Bridging-Header.h";
			};
			name = Release;
		};
/* End XCBuildConfiguration section */

/* Begin XCConfigurationList section */
		2601AD441BD4B195004F6394 /* Build configuration list for PBXProject "Voyager" */ = {
			isa = XCConfigurationList;
			buildConfigurations = (
				2601AD591BD4B196004F6394 /* Debug */,
				2601AD5A1BD4B196004F6394 /* Release */,
			);
			defaultConfigurationIsVisible = 0;
			defaultConfigurationName = Release;
		};
		2601AD5B1BD4B196004F6394 /* Build configuration list for PBXNativeTarget "Voyager" */ = {
			isa = XCConfigurationList;
			buildConfigurations = (
				2601AD5C1BD4B196004F6394 /* Debug */,
				2601AD5D1BD4B196004F6394 /* Release */,
			);
			defaultConfigurationIsVisible = 0;
			defaultConfigurationName = Release;
		};
/* End XCConfigurationList section */
	};
	rootObject = 2601AD411BD4B195004F6394 /* Project object */;
}
